
Microsoft Visual Studio Solution File, Format Version 12.00
# Visual Studio Version 16
VisualStudioVersion = 16.0.32126.315
MinimumVisualStudioVersion = 10.0.40219.1
Project("{FAE04EC0-301F-11D3-BF4B-00C04F79EFBC}") = "BTLW", "BTLW\BTLW.csproj", "{ACBA3B4B-B350-43C0-8ABD-88F51FC71218}"
EndProject
Global
	GlobalSection(SolutionConfigurationPlatforms) = preSolution
		Debug|Any CPU = Debug|Any CPU
		Release|Any CPU = Release|Any CPU
	EndGlobalSection
	GlobalSection(ProjectConfigurationPlatforms) = postSolution
		{ACBA3B4B-B350-43C0-8ABD-88F51FC71218}.Debug|Any CPU.ActiveCfg = Debug|Any CPU
		{ACBA3B4B-B350-43C0-8ABD-88F51FC71218}.Debug|Any CPU.Build.0 = Debug|Any CPU
		{ACBA3B4B-B350-43C0-8ABD-88F51FC71218}.Release|Any CPU.ActiveCfg = Release|Any CPU
		{ACBA3B4B-B350-43C0-8ABD-88F51FC71218}.Release|Any CPU.Build.0 = Release|Any CPU
	EndGlobalSection
	GlobalSection(SolutionProperties) = preSolution
		HideSolutionNode = FALSE
	EndGlobalSection
	GlobalSection(ExtensibilityGlobals) = postSolution
		SolutionGuid = {2811E985-4DEB-4019-BCB5-4442612CB6EC}
	EndGlobalSection
EndGlobal
